
Microsoft Visual Studio Solution File, Format Version 12.00
# Visual Studio Version 17
VisualStudioVersion = 17.5.002.0
MinimumVisualStudioVersion = 10.0.40219.1
Project("{9A19103F-16F7-4668-BE54-9A1E7A4F7556}") = "MyNHibernate", "MyNHibernate.csproj", "{A6B16CBA-F677-4E15-A75C-229B4ACC1148}"
EndProject
Global
	GlobalSection(SolutionConfigurationPlatforms) = preSolution
		Debug|Any CPU = Debug|Any CPU
		Release|Any CPU = Release|Any CPU
	EndGlobalSection
	GlobalSection(ProjectConfigurationPlatforms) = postSolution
		{A6B16CBA-F677-4E15-A75C-229B4ACC1148}.Debug|Any CPU.ActiveCfg = Debug|Any CPU
		{A6B16CBA-F677-4E15-A75C-229B4ACC1148}.Debug|Any CPU.Build.0 = Debug|Any CPU
		{A6B16CBA-F677-4E15-A75C-229B4ACC1148}.Release|Any CPU.ActiveCfg = Release|Any CPU
		{A6B16CBA-F677-4E15-A75C-229B4ACC1148}.Release|Any CPU.Build.0 = Release|Any CPU
	EndGlobalSection
	GlobalSection(SolutionProperties) = preSolution
		HideSolutionNode = FALSE
	EndGlobalSection
	GlobalSection(ExtensibilityGlobals) = postSolution
		SolutionGuid = {F0407C62-7C0E-478C-87E2-2360C0A7B63E}
	EndGlobalSection
EndGlobal
